
Microsoft Visual Studio Solution File, Format Version 12.00
# Visual Studio Version 16
VisualStudioVersion = 16.0.31306.274
MinimumVisualStudioVersion = 10.0.40219.1
Project("{9A19103F-16F7-4668-BE54-9A1E7A4F7556}") = "SignalRSwaggerGen", "SignalRSwaggerGen\SignalRSwaggerGen.csproj", "{7CB27570-0187-4ED6-AC83-81D79C6E89F7}"
EndProject
Project("{2150E333-8FDC-42A3-9474-1A3956D46DE8}") = "Solution Items", "Solution Items", "{F50A6213-4D74-41A0-B4F2-6913378CE896}"
	ProjectSection(SolutionItems) = preProject
		.editorconfig = .editorconfig
	EndProjectSection
EndProject
Project("{9A19103F-16F7-4668-BE54-9A1E7A4F7556}") = "TestWebApi", "TestWebApi\TestWebApi.csproj", "{F75822CA-1FEF-45B9-8D63-B3F8789448C3}"
EndProject
Global
	GlobalSection(SolutionConfigurationPlatforms) = preSolution
		Debug|Any CPU = Debug|Any CPU
		Release|Any CPU = Release|Any CPU
	EndGlobalSection
	GlobalSection(ProjectConfigurationPlatforms) = postSolution
		{7CB27570-0187-4ED6-AC83-81D79C6E89F7}.Debug|Any CPU.ActiveCfg = Release|Any CPU
		{7CB27570-0187-4ED6-AC83-81D79C6E89F7}.Debug|Any CPU.Build.0 = Release|Any CPU
		{7CB27570-0187-4ED6-AC83-81D79C6E89F7}.Release|Any CPU.ActiveCfg = Release|Any CPU
		{7CB27570-0187-4ED6-AC83-81D79C6E89F7}.Release|Any CPU.Build.0 = Release|Any CPU
		{F75822CA-1FEF-45B9-8D63-B3F8789448C3}.Debug|Any CPU.ActiveCfg = Debug|Any CPU
		{F75822CA-1FEF-45B9-8D63-B3F8789448C3}.Debug|Any CPU.Build.0 = Debug|Any CPU
		{F75822CA-1FEF-45B9-8D63-B3F8789448C3}.Release|Any CPU.ActiveCfg = Release|Any CPU
		{F75822CA-1FEF-45B9-8D63-B3F8789448C3}.Release|Any CPU.Build.0 = Release|Any CPU
	EndGlobalSection
	GlobalSection(SolutionProperties) = preSolution
		HideSolutionNode = FALSE
	EndGlobalSection
	GlobalSection(ExtensibilityGlobals) = postSolution
		SolutionGuid = {A2754AA3-AF10-4DF9-88EB-49F150583FD3}
	EndGlobalSection
EndGlobal
